
Microsoft Visual Studio Solution File, Format Version 12.00
# Visual Studio Version 17
VisualStudioVersion = 17.1.32407.343
MinimumVisualStudioVersion = 10.0.40219.1
Project("{9A19103F-16F7-4668-BE54-9A1E7A4F7556}") = "AvisFormation", "AvisFormation\AvisFormation.csproj", "{F95CE2EA-4254-45D7-9401-2487F5E83F2B}"
EndProject
Project("{FAE04EC0-301F-11D3-BF4B-00C04F79EFBC}") = "Data", "Data\Data.csproj", "{E337392A-6DD3-4CB4-9EDD-E6663C28EC2B}"
EndProject
Global
	GlobalSection(SolutionConfigurationPlatforms) = preSolution
		Debug|Any CPU = Debug|Any CPU
		Release|Any CPU = Release|Any CPU
	EndGlobalSection
	GlobalSection(ProjectConfigurationPlatforms) = postSolution
		{F95CE2EA-4254-45D7-9401-2487F5E83F2B}.Debug|Any CPU.ActiveCfg = Debug|Any CPU
		{F95CE2EA-4254-45D7-9401-2487F5E83F2B}.Debug|Any CPU.Build.0 = Debug|Any CPU
		{F95CE2EA-4254-45D7-9401-2487F5E83F2B}.Release|Any CPU.ActiveCfg = Release|Any CPU
		{F95CE2EA-4254-45D7-9401-2487F5E83F2B}.Release|Any CPU.Build.0 = Release|Any CPU
		{E337392A-6DD3-4CB4-9EDD-E6663C28EC2B}.Debug|Any CPU.ActiveCfg = Debug|Any CPU
		{E337392A-6DD3-4CB4-9EDD-E6663C28EC2B}.Debug|Any CPU.Build.0 = Debug|Any CPU
		{E337392A-6DD3-4CB4-9EDD-E6663C28EC2B}.Release|Any CPU.ActiveCfg = Release|Any CPU
		{E337392A-6DD3-4CB4-9EDD-E6663C28EC2B}.Release|Any CPU.Build.0 = Release|Any CPU
	EndGlobalSection
	GlobalSection(SolutionProperties) = preSolution
		HideSolutionNode = FALSE
	EndGlobalSection
	GlobalSection(ExtensibilityGlobals) = postSolution
		SolutionGuid = {08CD37AB-3B80-4A19-B125-3266AD378101}
	EndGlobalSection
EndGlobal
